
Microsoft Visual Studio Solution File, Format Version 12.00
# Visual Studio Version 17
VisualStudioVersion = 17.0.31903.59
MinimumVisualStudioVersion = 10.0.40219.1
Project("{9A19103F-16F7-4668-BE54-9A1E7A4F7556}") = "Catalog.API", "Services\Catalog\Catalog.API\Catalog.API.csproj", "{86EECD77-87D5-4AE7-928D-228CD6436810}"
EndProject
Project("{2150E333-8FDC-42A3-9474-1A3956D46DE8}") = "Services", "Services", "{4FF9D643-A267-471F-9BF5-3B10E2952D70}"
EndProject
Project("{2150E333-8FDC-42A3-9474-1A3956D46DE8}") = "Catalog", "Catalog", "{B290D5CB-404F-4F63-9E0D-4CDB16410B74}"
EndProject
Project("{9A19103F-16F7-4668-BE54-9A1E7A4F7556}") = "Catalog.Domian", "Services\Catalog\Catalog.Domian\Catalog.Domian.csproj", "{31456D4B-4574-4512-AC22-A63C1472AED7}"
EndProject
Project("{2150E333-8FDC-42A3-9474-1A3956D46DE8}") = "Solution Items", "Solution Items", "{8003A297-18DA-4511-9504-E168DD12FCA5}"
	ProjectSection(SolutionItems) = preProject
		.dockerignore = .dockerignore
		.editorconfig = .editorconfig
		.env = .env
		README.md = README.md
	EndProjectSection
EndProject
Project("{9A19103F-16F7-4668-BE54-9A1E7A4F7556}") = "Catalog.Infrastructure", "Services\Catalog\Catalog.Infrastructure\Catalog.Infrastructure.csproj", "{C7E66DB9-9662-4EB0-BC89-ECCE458806E9}"
EndProject
Project("{2150E333-8FDC-42A3-9474-1A3956D46DE8}") = "Shared", "Shared", "{5B11F3AB-5D5A-4AF3-AC4C-9BF077CB1C4A}"
EndProject
Project("{E53339B2-1760-4266-BCC7-CA923CBCF16C}") = "docker-compose", "docker-compose.dcproj", "{DCF1879C-DFAB-444C-8340-50EBEA322682}"
EndProject
Project("{9A19103F-16F7-4668-BE54-9A1E7A4F7556}") = "Catalog.Application", "Services\Catalog\Catalog.Application\Catalog.Application.csproj", "{41C7336C-558C-498B-89C9-2512892EE26B}"
EndProject
Project("{2150E333-8FDC-42A3-9474-1A3956D46DE8}") = "EventBus", "EventBus", "{3EBA73B6-0287-46E0-8A4A-FE4472A8F404}"
EndProject
Project("{9A19103F-16F7-4668-BE54-9A1E7A4F7556}") = "EventBus.Abstractions", "EventBus\EventBus.Abstractions\EventBus.Abstractions.csproj", "{79456EC4-C0C6-488E-86F3-B96AC0C7DF20}"
EndProject
Project("{9A19103F-16F7-4668-BE54-9A1E7A4F7556}") = "EventBus.RabbitMQ", "EventBus\EventBus.RabbitMQ\EventBus.RabbitMQ.csproj", "{6B3DFFF4-2BFE-4B8D-859B-96F7CAA5205E}"
EndProject
Project("{9A19103F-16F7-4668-BE54-9A1E7A4F7556}") = "EventBus.RabbitMQ.DependencyInjection", "EventBus\EventBus.RabbitMQ.DependencyInjection\EventBus.RabbitMQ.DependencyInjection.csproj", "{18FC4D7D-89F0-4F40-94A4-3A2B86E71CA6}"
EndProject
Project("{9A19103F-16F7-4668-BE54-9A1E7A4F7556}") = "IntegrationServices", "Shared\IntegrationServices\IntegrationServices.csproj", "{520A5780-EB24-40B8-8A70-59F4FB0F727B}"
EndProject
Project("{9A19103F-16F7-4668-BE54-9A1E7A4F7556}") = "HostConfiguration", "Shared\HostConfiguration\HostConfiguration.csproj", "{E65AAB54-7EA6-44F8-9BDC-46B96B723D69}"
EndProject
Project("{9A19103F-16F7-4668-BE54-9A1E7A4F7556}") = "TaskScheduling", "Shared\TaskScheduling\TaskScheduling.csproj", "{2B702510-815B-48F2-9DAD-8734DD5DC070}"
EndProject
Project("{2150E333-8FDC-42A3-9474-1A3956D46DE8}") = "Basket", "Basket", "{2922884F-56B5-4398-A077-557A5717A38E}"
EndProject
Project("{9A19103F-16F7-4668-BE54-9A1E7A4F7556}") = "Basket.API", "Services\Basket\Basket.API\Basket.API.csproj", "{418CA75D-B2FD-463D-BD0C-360D9DFCC2C3}"
EndProject
Project("{2150E333-8FDC-42A3-9474-1A3956D46DE8}") = "Ordering", "Ordering", "{0F3E5914-3F8B-4E27-9DE3-77488810FBF8}"
EndProject
Project("{9A19103F-16F7-4668-BE54-9A1E7A4F7556}") = "Ordering.API", "Services\Ordering\Ordering.API\Ordering.API.csproj", "{3B367069-F0DA-4FA8-A5B7-A5B063CC8F26}"
EndProject
Project("{9A19103F-16F7-4668-BE54-9A1E7A4F7556}") = "Ordering.Infrastructure", "Services\Ordering\Ordering.Infrastructure\Ordering.Infrastructure.csproj", "{CE559C03-713F-4F84-89ED-B66127E6D4FC}"
EndProject
Project("{9A19103F-16F7-4668-BE54-9A1E7A4F7556}") = "Ordering.Application", "Services\Ordering\Ordering.Application\Ordering.Application.csproj", "{1E953EB4-7B9C-45B8-A608-F9721F9840F6}"
EndProject
Project("{9A19103F-16F7-4668-BE54-9A1E7A4F7556}") = "Ordering.Domian", "Services\Ordering\Ordering.Domian\Ordering.Domian.csproj", "{C7B8F78C-ABF5-47AF-B957-D672293B45A9}"
EndProject
Project("{FAE04EC0-301F-11D3-BF4B-00C04F79EFBC}") = "IdempotencyServices", "Shared\IdempotencyServices\IdempotencyServices.csproj", "{1B6B858B-DCDD-449C-AED1-452F2C94887F}"
EndProject
Global
	GlobalSection(SolutionConfigurationPlatforms) = preSolution
		Debug|Any CPU = Debug|Any CPU
		Release|Any CPU = Release|Any CPU
	EndGlobalSection
	GlobalSection(ProjectConfigurationPlatforms) = postSolution
		{86EECD77-87D5-4AE7-928D-228CD6436810}.Debug|Any CPU.ActiveCfg = Debug|Any CPU
		{86EECD77-87D5-4AE7-928D-228CD6436810}.Debug|Any CPU.Build.0 = Debug|Any CPU
		{86EECD77-87D5-4AE7-928D-228CD6436810}.Release|Any CPU.ActiveCfg = Release|Any CPU
		{86EECD77-87D5-4AE7-928D-228CD6436810}.Release|Any CPU.Build.0 = Release|Any CPU
		{31456D4B-4574-4512-AC22-A63C1472AED7}.Debug|Any CPU.ActiveCfg = Debug|Any CPU
		{31456D4B-4574-4512-AC22-A63C1472AED7}.Debug|Any CPU.Build.0 = Debug|Any CPU
		{31456D4B-4574-4512-AC22-A63C1472AED7}.Release|Any CPU.ActiveCfg = Release|Any CPU
		{31456D4B-4574-4512-AC22-A63C1472AED7}.Release|Any CPU.Build.0 = Release|Any CPU
		{C7E66DB9-9662-4EB0-BC89-ECCE458806E9}.Debug|Any CPU.ActiveCfg = Debug|Any CPU
		{C7E66DB9-9662-4EB0-BC89-ECCE458806E9}.Debug|Any CPU.Build.0 = Debug|Any CPU
		{C7E66DB9-9662-4EB0-BC89-ECCE458806E9}.Release|Any CPU.ActiveCfg = Release|Any CPU
		{C7E66DB9-9662-4EB0-BC89-ECCE458806E9}.Release|Any CPU.Build.0 = Release|Any CPU
		{DCF1879C-DFAB-444C-8340-50EBEA322682}.Debug|Any CPU.ActiveCfg = Debug|Any CPU
		{DCF1879C-DFAB-444C-8340-50EBEA322682}.Debug|Any CPU.Build.0 = Debug|Any CPU
		{DCF1879C-DFAB-444C-8340-50EBEA322682}.Release|Any CPU.ActiveCfg = Release|Any CPU
		{DCF1879C-DFAB-444C-8340-50EBEA322682}.Release|Any CPU.Build.0 = Release|Any CPU
		{41C7336C-558C-498B-89C9-2512892EE26B}.Debug|Any CPU.ActiveCfg = Debug|Any CPU
		{41C7336C-558C-498B-89C9-2512892EE26B}.Debug|Any CPU.Build.0 = Debug|Any CPU
		{41C7336C-558C-498B-89C9-2512892EE26B}.Release|Any CPU.ActiveCfg = Release|Any CPU
		{41C7336C-558C-498B-89C9-2512892EE26B}.Release|Any CPU.Build.0 = Release|Any CPU
		{79456EC4-C0C6-488E-86F3-B96AC0C7DF20}.Debug|Any CPU.ActiveCfg = Debug|Any CPU
		{79456EC4-C0C6-488E-86F3-B96AC0C7DF20}.Debug|Any CPU.Build.0 = Debug|Any CPU
		{79456EC4-C0C6-488E-86F3-B96AC0C7DF20}.Release|Any CPU.ActiveCfg = Release|Any CPU
		{79456EC4-C0C6-488E-86F3-B96AC0C7DF20}.Release|Any CPU.Build.0 = Release|Any CPU
		{6B3DFFF4-2BFE-4B8D-859B-96F7CAA5205E}.Debug|Any CPU.ActiveCfg = Debug|Any CPU
		{6B3DFFF4-2BFE-4B8D-859B-96F7CAA5205E}.Debug|Any CPU.Build.0 = Debug|Any CPU
		{6B3DFFF4-2BFE-4B8D-859B-96F7CAA5205E}.Release|Any CPU.ActiveCfg = Release|Any CPU
		{6B3DFFF4-2BFE-4B8D-859B-96F7CAA5205E}.Release|Any CPU.Build.0 = Release|Any CPU
		{18FC4D7D-89F0-4F40-94A4-3A2B86E71CA6}.Debug|Any CPU.ActiveCfg = Debug|Any CPU
		{18FC4D7D-89F0-4F40-94A4-3A2B86E71CA6}.Debug|Any CPU.Build.0 = Debug|Any CPU
		{18FC4D7D-89F0-4F40-94A4-3A2B86E71CA6}.Release|Any CPU.ActiveCfg = Release|Any CPU
		{18FC4D7D-89F0-4F40-94A4-3A2B86E71CA6}.Release|Any CPU.Build.0 = Release|Any CPU
		{520A5780-EB24-40B8-8A70-59F4FB0F727B}.Debug|Any CPU.ActiveCfg = Debug|Any CPU
		{520A5780-EB24-40B8-8A70-59F4FB0F727B}.Debug|Any CPU.Build.0 = Debug|Any CPU
		{520A5780-EB24-40B8-8A70-59F4FB0F727B}.Release|Any CPU.ActiveCfg = Release|Any CPU
		{520A5780-EB24-40B8-8A70-59F4FB0F727B}.Release|Any CPU.Build.0 = Release|Any CPU
		{E65AAB54-7EA6-44F8-9BDC-46B96B723D69}.Debug|Any CPU.ActiveCfg = Debug|Any CPU
		{E65AAB54-7EA6-44F8-9BDC-46B96B723D69}.Debug|Any CPU.Build.0 = Debug|Any CPU
		{E65AAB54-7EA6-44F8-9BDC-46B96B723D69}.Release|Any CPU.ActiveCfg = Release|Any CPU
		{E65AAB54-7EA6-44F8-9BDC-46B96B723D69}.Release|Any CPU.Build.0 = Release|Any CPU
		{2B702510-815B-48F2-9DAD-8734DD5DC070}.Debug|Any CPU.ActiveCfg = Debug|Any CPU
		{2B702510-815B-48F2-9DAD-8734DD5DC070}.Debug|Any CPU.Build.0 = Debug|Any CPU
		{2B702510-815B-48F2-9DAD-8734DD5DC070}.Release|Any CPU.ActiveCfg = Release|Any CPU
		{2B702510-815B-48F2-9DAD-8734DD5DC070}.Release|Any CPU.Build.0 = Release|Any CPU
		{418CA75D-B2FD-463D-BD0C-360D9DFCC2C3}.Debug|Any CPU.ActiveCfg = Debug|Any CPU
		{418CA75D-B2FD-463D-BD0C-360D9DFCC2C3}.Debug|Any CPU.Build.0 = Debug|Any CPU
		{418CA75D-B2FD-463D-BD0C-360D9DFCC2C3}.Release|Any CPU.ActiveCfg = Release|Any CPU
		{418CA75D-B2FD-463D-BD0C-360D9DFCC2C3}.Release|Any CPU.Build.0 = Release|Any CPU
		{3B367069-F0DA-4FA8-A5B7-A5B063CC8F26}.Debug|Any CPU.ActiveCfg = Debug|Any CPU
		{3B367069-F0DA-4FA8-A5B7-A5B063CC8F26}.Debug|Any CPU.Build.0 = Debug|Any CPU
		{3B367069-F0DA-4FA8-A5B7-A5B063CC8F26}.Release|Any CPU.ActiveCfg = Release|Any CPU
		{3B367069-F0DA-4FA8-A5B7-A5B063CC8F26}.Release|Any CPU.Build.0 = Release|Any CPU
		{CE559C03-713F-4F84-89ED-B66127E6D4FC}.Debug|Any CPU.ActiveCfg = Debug|Any CPU
		{CE559C03-713F-4F84-89ED-B66127E6D4FC}.Debug|Any CPU.Build.0 = Debug|Any CPU
		{CE559C03-713F-4F84-89ED-B66127E6D4FC}.Release|Any CPU.ActiveCfg = Release|Any CPU
		{CE559C03-713F-4F84-89ED-B66127E6D4FC}.Release|Any CPU.Build.0 = Release|Any CPU
		{1E953EB4-7B9C-45B8-A608-F9721F9840F6}.Debug|Any CPU.ActiveCfg = Debug|Any CPU
		{1E953EB4-7B9C-45B8-A608-F9721F9840F6}.Debug|Any CPU.Build.0 = Debug|Any CPU
		{1E953EB4-7B9C-45B8-A608-F9721F9840F6}.Release|Any CPU.ActiveCfg = Release|Any CPU
		{1E953EB4-7B9C-45B8-A608-F9721F9840F6}.Release|Any CPU.Build.0 = Release|Any CPU
		{C7B8F78C-ABF5-47AF-B957-D672293B45A9}.Debug|Any CPU.ActiveCfg = Debug|Any CPU
		{C7B8F78C-ABF5-47AF-B957-D672293B45A9}.Debug|Any CPU.Build.0 = Debug|Any CPU
		{C7B8F78C-ABF5-47AF-B957-D672293B45A9}.Release|Any CPU.ActiveCfg = Release|Any CPU
		{C7B8F78C-ABF5-47AF-B957-D672293B45A9}.Release|Any CPU.Build.0 = Release|Any CPU
		{1B6B858B-DCDD-449C-AED1-452F2C94887F}.Debug|Any CPU.ActiveCfg = Debug|Any CPU
		{1B6B858B-DCDD-449C-AED1-452F2C94887F}.Debug|Any CPU.Build.0 = Debug|Any CPU
		{1B6B858B-DCDD-449C-AED1-452F2C94887F}.Release|Any CPU.ActiveCfg = Release|Any CPU
		{1B6B858B-DCDD-449C-AED1-452F2C94887F}.Release|Any CPU.Build.0 = Release|Any CPU
	EndGlobalSection
	GlobalSection(SolutionProperties) = preSolution
		HideSolutionNode = FALSE
	EndGlobalSection
	GlobalSection(NestedProjects) = preSolution
		{86EECD77-87D5-4AE7-928D-228CD6436810} = {B290D5CB-404F-4F63-9E0D-4CDB16410B74}
		{B290D5CB-404F-4F63-9E0D-4CDB16410B74} = {4FF9D643-A267-471F-9BF5-3B10E2952D70}
		{31456D4B-4574-4512-AC22-A63C1472AED7} = {B290D5CB-404F-4F63-9E0D-4CDB16410B74}
		{C7E66DB9-9662-4EB0-BC89-ECCE458806E9} = {B290D5CB-404F-4F63-9E0D-4CDB16410B74}
		{41C7336C-558C-498B-89C9-2512892EE26B} = {B290D5CB-404F-4F63-9E0D-4CDB16410B74}
		{79456EC4-C0C6-488E-86F3-B96AC0C7DF20} = {3EBA73B6-0287-46E0-8A4A-FE4472A8F404}
		{6B3DFFF4-2BFE-4B8D-859B-96F7CAA5205E} = {3EBA73B6-0287-46E0-8A4A-FE4472A8F404}
		{18FC4D7D-89F0-4F40-94A4-3A2B86E71CA6} = {3EBA73B6-0287-46E0-8A4A-FE4472A8F404}
		{520A5780-EB24-40B8-8A70-59F4FB0F727B} = {5B11F3AB-5D5A-4AF3-AC4C-9BF077CB1C4A}
		{E65AAB54-7EA6-44F8-9BDC-46B96B723D69} = {5B11F3AB-5D5A-4AF3-AC4C-9BF077CB1C4A}
		{2B702510-815B-48F2-9DAD-8734DD5DC070} = {5B11F3AB-5D5A-4AF3-AC4C-9BF077CB1C4A}
		{2922884F-56B5-4398-A077-557A5717A38E} = {4FF9D643-A267-471F-9BF5-3B10E2952D70}
		{418CA75D-B2FD-463D-BD0C-360D9DFCC2C3} = {2922884F-56B5-4398-A077-557A5717A38E}
		{0F3E5914-3F8B-4E27-9DE3-77488810FBF8} = {4FF9D643-A267-471F-9BF5-3B10E2952D70}
		{3B367069-F0DA-4FA8-A5B7-A5B063CC8F26} = {0F3E5914-3F8B-4E27-9DE3-77488810FBF8}
		{CE559C03-713F-4F84-89ED-B66127E6D4FC} = {0F3E5914-3F8B-4E27-9DE3-77488810FBF8}
		{1E953EB4-7B9C-45B8-A608-F9721F9840F6} = {0F3E5914-3F8B-4E27-9DE3-77488810FBF8}
		{C7B8F78C-ABF5-47AF-B957-D672293B45A9} = {0F3E5914-3F8B-4E27-9DE3-77488810FBF8}
		{1B6B858B-DCDD-449C-AED1-452F2C94887F} = {5B11F3AB-5D5A-4AF3-AC4C-9BF077CB1C4A}
	EndGlobalSection
	GlobalSection(ExtensibilityGlobals) = postSolution
		SolutionGuid = {0D7E1679-C2B2-48DF-B7EF-C2EA32DDEE8F}
	EndGlobalSection
EndGlobal
