
Microsoft Visual Studio Solution File, Format Version 12.00
# Visual Studio Version 17
VisualStudioVersion = 17.0.31903.59
MinimumVisualStudioVersion = 10.0.40219.1
Project("{9A19103F-16F7-4668-BE54-9A1E7A4F7556}") = "Catalog.API", "Services\Catalog\Catalog.API\Catalog.API.csproj", "{86EECD77-87D5-4AE7-928D-228CD6436810}"
EndProject
Project("{2150E333-8FDC-42A3-9474-1A3956D46DE8}") = "Services", "Services", "{4FF9D643-A267-471F-9BF5-3B10E2952D70}"
EndProject
Project("{2150E333-8FDC-42A3-9474-1A3956D46DE8}") = "Catalog", "Catalog", "{B290D5CB-404F-4F63-9E0D-4CDB16410B74}"
EndProject
Project("{2150E333-8FDC-42A3-9474-1A3956D46DE8}") = "Solution Items", "Solution Items", "{8003A297-18DA-4511-9504-E168DD12FCA5}"
	ProjectSection(SolutionItems) = preProject
		.dockerignore = .dockerignore
		.editorconfig = .editorconfig
		.env = .env
		README.md = README.md
	EndProjectSection
EndProject
Project("{E53339B2-1760-4266-BCC7-CA923CBCF16C}") = "docker-compose", "docker-compose.dcproj", "{DCF1879C-DFAB-444C-8340-50EBEA322682}"
EndProject
Project("{2150E333-8FDC-42A3-9474-1A3956D46DE8}") = "Basket", "Basket", "{2922884F-56B5-4398-A077-557A5717A38E}"
EndProject
Project("{9A19103F-16F7-4668-BE54-9A1E7A4F7556}") = "Basket.API", "Services\Basket\Basket.API\Basket.API.csproj", "{418CA75D-B2FD-463D-BD0C-360D9DFCC2C3}"
EndProject
Project("{2150E333-8FDC-42A3-9474-1A3956D46DE8}") = "Ordering", "Ordering", "{0F3E5914-3F8B-4E27-9DE3-77488810FBF8}"
EndProject
Project("{9A19103F-16F7-4668-BE54-9A1E7A4F7556}") = "Ordering.API", "Services\Ordering\Ordering.API\Ordering.API.csproj", "{3B367069-F0DA-4FA8-A5B7-A5B063CC8F26}"
EndProject
Project("{9A19103F-16F7-4668-BE54-9A1E7A4F7556}") = "Ordering.Infrastructure", "Services\Ordering\Ordering.Infrastructure\Ordering.Infrastructure.csproj", "{CE559C03-713F-4F84-89ED-B66127E6D4FC}"
EndProject
Project("{9A19103F-16F7-4668-BE54-9A1E7A4F7556}") = "Ordering.Application", "Services\Ordering\Ordering.Application\Ordering.Application.csproj", "{1E953EB4-7B9C-45B8-A608-F9721F9840F6}"
EndProject
Project("{9A19103F-16F7-4668-BE54-9A1E7A4F7556}") = "Ordering.Domian", "Services\Ordering\Ordering.Domian\Ordering.Domian.csproj", "{C7B8F78C-ABF5-47AF-B957-D672293B45A9}"
EndProject
Project("{2150E333-8FDC-42A3-9474-1A3956D46DE8}") = "Payment", "Payment", "{4C1FA6F4-2125-417A-9594-8B114894E063}"
EndProject
Project("{9A19103F-16F7-4668-BE54-9A1E7A4F7556}") = "Payment.API", "Services\Payment\Payment.API\Payment.API.csproj", "{83725BAB-57B7-4978-8B62-AC33D2B69895}"
EndProject
Project("{2150E333-8FDC-42A3-9474-1A3956D46DE8}") = "ApiGateways", "ApiGateways", "{FB39BD32-B4A0-456E-8CEE-A973A1689727}"
EndProject
Project("{9A19103F-16F7-4668-BE54-9A1E7A4F7556}") = "Web.API", "ApiGateways\Web.API\Web.API.csproj", "{199519B5-54F4-4A12-B390-55BD8C738D40}"
EndProject
Project("{2150E333-8FDC-42A3-9474-1A3956D46DE8}") = "BuildingBlocks", "BuildingBlocks", "{73676DE6-620E-448E-B71D-E9404DA50494}"
EndProject
Project("{2150E333-8FDC-42A3-9474-1A3956D46DE8}") = "EventBus", "EventBus", "{08A4BD65-C150-4293-A01B-DA8F72E8AC27}"
EndProject
Project("{9A19103F-16F7-4668-BE54-9A1E7A4F7556}") = "HostConfiguration", "BuildingBlocks\HostConfiguration\HostConfiguration.csproj", "{D4C87A4C-260E-4233-B7C1-7ABD3D2E42CD}"
EndProject
Project("{9A19103F-16F7-4668-BE54-9A1E7A4F7556}") = "IdempotencyServices", "BuildingBlocks\IdempotencyServices\IdempotencyServices.csproj", "{FEB48236-BDA9-4D79-A804-BB409EB5F801}"
EndProject
Project("{9A19103F-16F7-4668-BE54-9A1E7A4F7556}") = "IntegrationServices", "BuildingBlocks\IntegrationServices\IntegrationServices.csproj", "{375893CD-25E3-40AA-A639-7FBF13B5874A}"
EndProject
Project("{9A19103F-16F7-4668-BE54-9A1E7A4F7556}") = "TaskScheduling", "BuildingBlocks\TaskScheduling\TaskScheduling.csproj", "{5E6C6B48-81D1-4FC1-BB4B-51461FCEF441}"
EndProject
Project("{9A19103F-16F7-4668-BE54-9A1E7A4F7556}") = "EventBus.Abstractions", "BuildingBlocks\EventBus\EventBus.Abstractions\EventBus.Abstractions.csproj", "{9B3053AB-405F-4401-8FFD-75A3893031BF}"
EndProject
Project("{9A19103F-16F7-4668-BE54-9A1E7A4F7556}") = "EventBus.RabbitMQ", "BuildingBlocks\EventBus\EventBus.RabbitMQ\EventBus.RabbitMQ.csproj", "{F50C04E7-DB4B-4C59-AF44-D1784E869520}"
EndProject
Project("{9A19103F-16F7-4668-BE54-9A1E7A4F7556}") = "EventBus.RabbitMQ.DependencyInjection", "BuildingBlocks\EventBus\EventBus.RabbitMQ.DependencyInjection\EventBus.RabbitMQ.DependencyInjection.csproj", "{1C7E23C1-10B2-4F86-9E70-4A0B289DF012}"
EndProject
Project("{2150E333-8FDC-42A3-9474-1A3956D46DE8}") = "Identity", "Identity", "{5D972E35-EA58-4773-8F4A-39872CC9B8F1}"
EndProject
Project("{9A19103F-16F7-4668-BE54-9A1E7A4F7556}") = "Identity.API", "Services\Identity\Identity.API\Identity.API.csproj", "{14286260-1D3E-40B5-A014-9AA833AF9286}"
EndProject
Project("{9A19103F-16F7-4668-BE54-9A1E7A4F7556}") = "Ordering.SignalR", "Services\Ordering\Ordering.SignalR\Ordering.SignalR.csproj", "{17B2C80F-5EC4-41B2-8077-7257EA5BA78F}"
EndProject
Project("{2150E333-8FDC-42A3-9474-1A3956D46DE8}") = "Clients", "Clients", "{8551B332-FEFA-498B-B8F9-AEDF0C8DF34A}"
EndProject
Project("{9A19103F-16F7-4668-BE54-9A1E7A4F7556}") = "WebHealthMonitor", "Clients\WebHealthMonitor\WebHealthMonitor.csproj", "{7E83B5A5-4BA0-4326-A2D4-C221396F0612}"
EndProject
Global
	GlobalSection(SolutionConfigurationPlatforms) = preSolution
		Debug|Any CPU = Debug|Any CPU
		Release|Any CPU = Release|Any CPU
	EndGlobalSection
	GlobalSection(ProjectConfigurationPlatforms) = postSolution
		{86EECD77-87D5-4AE7-928D-228CD6436810}.Debug|Any CPU.ActiveCfg = Debug|Any CPU
		{86EECD77-87D5-4AE7-928D-228CD6436810}.Debug|Any CPU.Build.0 = Debug|Any CPU
		{86EECD77-87D5-4AE7-928D-228CD6436810}.Release|Any CPU.ActiveCfg = Release|Any CPU
		{86EECD77-87D5-4AE7-928D-228CD6436810}.Release|Any CPU.Build.0 = Release|Any CPU
		{DCF1879C-DFAB-444C-8340-50EBEA322682}.Debug|Any CPU.ActiveCfg = Debug|Any CPU
		{DCF1879C-DFAB-444C-8340-50EBEA322682}.Debug|Any CPU.Build.0 = Debug|Any CPU
		{DCF1879C-DFAB-444C-8340-50EBEA322682}.Release|Any CPU.ActiveCfg = Release|Any CPU
		{DCF1879C-DFAB-444C-8340-50EBEA322682}.Release|Any CPU.Build.0 = Release|Any CPU
		{418CA75D-B2FD-463D-BD0C-360D9DFCC2C3}.Debug|Any CPU.ActiveCfg = Debug|Any CPU
		{418CA75D-B2FD-463D-BD0C-360D9DFCC2C3}.Debug|Any CPU.Build.0 = Debug|Any CPU
		{418CA75D-B2FD-463D-BD0C-360D9DFCC2C3}.Release|Any CPU.ActiveCfg = Release|Any CPU
		{418CA75D-B2FD-463D-BD0C-360D9DFCC2C3}.Release|Any CPU.Build.0 = Release|Any CPU
		{3B367069-F0DA-4FA8-A5B7-A5B063CC8F26}.Debug|Any CPU.ActiveCfg = Debug|Any CPU
		{3B367069-F0DA-4FA8-A5B7-A5B063CC8F26}.Debug|Any CPU.Build.0 = Debug|Any CPU
		{3B367069-F0DA-4FA8-A5B7-A5B063CC8F26}.Release|Any CPU.ActiveCfg = Release|Any CPU
		{3B367069-F0DA-4FA8-A5B7-A5B063CC8F26}.Release|Any CPU.Build.0 = Release|Any CPU
		{CE559C03-713F-4F84-89ED-B66127E6D4FC}.Debug|Any CPU.ActiveCfg = Debug|Any CPU
		{CE559C03-713F-4F84-89ED-B66127E6D4FC}.Debug|Any CPU.Build.0 = Debug|Any CPU
		{CE559C03-713F-4F84-89ED-B66127E6D4FC}.Release|Any CPU.ActiveCfg = Release|Any CPU
		{CE559C03-713F-4F84-89ED-B66127E6D4FC}.Release|Any CPU.Build.0 = Release|Any CPU
		{1E953EB4-7B9C-45B8-A608-F9721F9840F6}.Debug|Any CPU.ActiveCfg = Debug|Any CPU
		{1E953EB4-7B9C-45B8-A608-F9721F9840F6}.Debug|Any CPU.Build.0 = Debug|Any CPU
		{1E953EB4-7B9C-45B8-A608-F9721F9840F6}.Release|Any CPU.ActiveCfg = Release|Any CPU
		{1E953EB4-7B9C-45B8-A608-F9721F9840F6}.Release|Any CPU.Build.0 = Release|Any CPU
		{C7B8F78C-ABF5-47AF-B957-D672293B45A9}.Debug|Any CPU.ActiveCfg = Debug|Any CPU
		{C7B8F78C-ABF5-47AF-B957-D672293B45A9}.Debug|Any CPU.Build.0 = Debug|Any CPU
		{C7B8F78C-ABF5-47AF-B957-D672293B45A9}.Release|Any CPU.ActiveCfg = Release|Any CPU
		{C7B8F78C-ABF5-47AF-B957-D672293B45A9}.Release|Any CPU.Build.0 = Release|Any CPU
		{83725BAB-57B7-4978-8B62-AC33D2B69895}.Debug|Any CPU.ActiveCfg = Debug|Any CPU
		{83725BAB-57B7-4978-8B62-AC33D2B69895}.Debug|Any CPU.Build.0 = Debug|Any CPU
		{83725BAB-57B7-4978-8B62-AC33D2B69895}.Release|Any CPU.ActiveCfg = Release|Any CPU
		{83725BAB-57B7-4978-8B62-AC33D2B69895}.Release|Any CPU.Build.0 = Release|Any CPU
		{199519B5-54F4-4A12-B390-55BD8C738D40}.Debug|Any CPU.ActiveCfg = Debug|Any CPU
		{199519B5-54F4-4A12-B390-55BD8C738D40}.Debug|Any CPU.Build.0 = Debug|Any CPU
		{199519B5-54F4-4A12-B390-55BD8C738D40}.Release|Any CPU.ActiveCfg = Release|Any CPU
		{199519B5-54F4-4A12-B390-55BD8C738D40}.Release|Any CPU.Build.0 = Release|Any CPU
		{D4C87A4C-260E-4233-B7C1-7ABD3D2E42CD}.Debug|Any CPU.ActiveCfg = Debug|Any CPU
		{D4C87A4C-260E-4233-B7C1-7ABD3D2E42CD}.Debug|Any CPU.Build.0 = Debug|Any CPU
		{D4C87A4C-260E-4233-B7C1-7ABD3D2E42CD}.Release|Any CPU.ActiveCfg = Release|Any CPU
		{D4C87A4C-260E-4233-B7C1-7ABD3D2E42CD}.Release|Any CPU.Build.0 = Release|Any CPU
		{FEB48236-BDA9-4D79-A804-BB409EB5F801}.Debug|Any CPU.ActiveCfg = Debug|Any CPU
		{FEB48236-BDA9-4D79-A804-BB409EB5F801}.Debug|Any CPU.Build.0 = Debug|Any CPU
		{FEB48236-BDA9-4D79-A804-BB409EB5F801}.Release|Any CPU.ActiveCfg = Release|Any CPU
		{FEB48236-BDA9-4D79-A804-BB409EB5F801}.Release|Any CPU.Build.0 = Release|Any CPU
		{375893CD-25E3-40AA-A639-7FBF13B5874A}.Debug|Any CPU.ActiveCfg = Debug|Any CPU
		{375893CD-25E3-40AA-A639-7FBF13B5874A}.Debug|Any CPU.Build.0 = Debug|Any CPU
		{375893CD-25E3-40AA-A639-7FBF13B5874A}.Release|Any CPU.ActiveCfg = Release|Any CPU
		{375893CD-25E3-40AA-A639-7FBF13B5874A}.Release|Any CPU.Build.0 = Release|Any CPU
		{5E6C6B48-81D1-4FC1-BB4B-51461FCEF441}.Debug|Any CPU.ActiveCfg = Debug|Any CPU
		{5E6C6B48-81D1-4FC1-BB4B-51461FCEF441}.Debug|Any CPU.Build.0 = Debug|Any CPU
		{5E6C6B48-81D1-4FC1-BB4B-51461FCEF441}.Release|Any CPU.ActiveCfg = Release|Any CPU
		{5E6C6B48-81D1-4FC1-BB4B-51461FCEF441}.Release|Any CPU.Build.0 = Release|Any CPU
		{9B3053AB-405F-4401-8FFD-75A3893031BF}.Debug|Any CPU.ActiveCfg = Debug|Any CPU
		{9B3053AB-405F-4401-8FFD-75A3893031BF}.Debug|Any CPU.Build.0 = Debug|Any CPU
		{9B3053AB-405F-4401-8FFD-75A3893031BF}.Release|Any CPU.ActiveCfg = Release|Any CPU
		{9B3053AB-405F-4401-8FFD-75A3893031BF}.Release|Any CPU.Build.0 = Release|Any CPU
		{F50C04E7-DB4B-4C59-AF44-D1784E869520}.Debug|Any CPU.ActiveCfg = Debug|Any CPU
		{F50C04E7-DB4B-4C59-AF44-D1784E869520}.Debug|Any CPU.Build.0 = Debug|Any CPU
		{F50C04E7-DB4B-4C59-AF44-D1784E869520}.Release|Any CPU.ActiveCfg = Release|Any CPU
		{F50C04E7-DB4B-4C59-AF44-D1784E869520}.Release|Any CPU.Build.0 = Release|Any CPU
		{1C7E23C1-10B2-4F86-9E70-4A0B289DF012}.Debug|Any CPU.ActiveCfg = Debug|Any CPU
		{1C7E23C1-10B2-4F86-9E70-4A0B289DF012}.Debug|Any CPU.Build.0 = Debug|Any CPU
		{1C7E23C1-10B2-4F86-9E70-4A0B289DF012}.Release|Any CPU.ActiveCfg = Release|Any CPU
		{1C7E23C1-10B2-4F86-9E70-4A0B289DF012}.Release|Any CPU.Build.0 = Release|Any CPU
		{14286260-1D3E-40B5-A014-9AA833AF9286}.Debug|Any CPU.ActiveCfg = Debug|Any CPU
		{14286260-1D3E-40B5-A014-9AA833AF9286}.Debug|Any CPU.Build.0 = Debug|Any CPU
		{14286260-1D3E-40B5-A014-9AA833AF9286}.Release|Any CPU.ActiveCfg = Release|Any CPU
		{14286260-1D3E-40B5-A014-9AA833AF9286}.Release|Any CPU.Build.0 = Release|Any CPU
		{17B2C80F-5EC4-41B2-8077-7257EA5BA78F}.Debug|Any CPU.ActiveCfg = Debug|Any CPU
		{17B2C80F-5EC4-41B2-8077-7257EA5BA78F}.Debug|Any CPU.Build.0 = Debug|Any CPU
		{17B2C80F-5EC4-41B2-8077-7257EA5BA78F}.Release|Any CPU.ActiveCfg = Release|Any CPU
		{17B2C80F-5EC4-41B2-8077-7257EA5BA78F}.Release|Any CPU.Build.0 = Release|Any CPU
		{7E83B5A5-4BA0-4326-A2D4-C221396F0612}.Debug|Any CPU.ActiveCfg = Debug|Any CPU
		{7E83B5A5-4BA0-4326-A2D4-C221396F0612}.Debug|Any CPU.Build.0 = Debug|Any CPU
		{7E83B5A5-4BA0-4326-A2D4-C221396F0612}.Release|Any CPU.ActiveCfg = Release|Any CPU
		{7E83B5A5-4BA0-4326-A2D4-C221396F0612}.Release|Any CPU.Build.0 = Release|Any CPU
	EndGlobalSection
	GlobalSection(SolutionProperties) = preSolution
		HideSolutionNode = FALSE
	EndGlobalSection
	GlobalSection(NestedProjects) = preSolution
		{86EECD77-87D5-4AE7-928D-228CD6436810} = {B290D5CB-404F-4F63-9E0D-4CDB16410B74}
		{B290D5CB-404F-4F63-9E0D-4CDB16410B74} = {4FF9D643-A267-471F-9BF5-3B10E2952D70}
		{2922884F-56B5-4398-A077-557A5717A38E} = {4FF9D643-A267-471F-9BF5-3B10E2952D70}
		{418CA75D-B2FD-463D-BD0C-360D9DFCC2C3} = {2922884F-56B5-4398-A077-557A5717A38E}
		{0F3E5914-3F8B-4E27-9DE3-77488810FBF8} = {4FF9D643-A267-471F-9BF5-3B10E2952D70}
		{3B367069-F0DA-4FA8-A5B7-A5B063CC8F26} = {0F3E5914-3F8B-4E27-9DE3-77488810FBF8}
		{CE559C03-713F-4F84-89ED-B66127E6D4FC} = {0F3E5914-3F8B-4E27-9DE3-77488810FBF8}
		{1E953EB4-7B9C-45B8-A608-F9721F9840F6} = {0F3E5914-3F8B-4E27-9DE3-77488810FBF8}
		{C7B8F78C-ABF5-47AF-B957-D672293B45A9} = {0F3E5914-3F8B-4E27-9DE3-77488810FBF8}
		{4C1FA6F4-2125-417A-9594-8B114894E063} = {4FF9D643-A267-471F-9BF5-3B10E2952D70}
		{83725BAB-57B7-4978-8B62-AC33D2B69895} = {4C1FA6F4-2125-417A-9594-8B114894E063}
		{199519B5-54F4-4A12-B390-55BD8C738D40} = {FB39BD32-B4A0-456E-8CEE-A973A1689727}
		{08A4BD65-C150-4293-A01B-DA8F72E8AC27} = {73676DE6-620E-448E-B71D-E9404DA50494}
		{D4C87A4C-260E-4233-B7C1-7ABD3D2E42CD} = {73676DE6-620E-448E-B71D-E9404DA50494}
		{FEB48236-BDA9-4D79-A804-BB409EB5F801} = {73676DE6-620E-448E-B71D-E9404DA50494}
		{375893CD-25E3-40AA-A639-7FBF13B5874A} = {73676DE6-620E-448E-B71D-E9404DA50494}
		{5E6C6B48-81D1-4FC1-BB4B-51461FCEF441} = {73676DE6-620E-448E-B71D-E9404DA50494}
		{9B3053AB-405F-4401-8FFD-75A3893031BF} = {08A4BD65-C150-4293-A01B-DA8F72E8AC27}
		{F50C04E7-DB4B-4C59-AF44-D1784E869520} = {08A4BD65-C150-4293-A01B-DA8F72E8AC27}
		{1C7E23C1-10B2-4F86-9E70-4A0B289DF012} = {08A4BD65-C150-4293-A01B-DA8F72E8AC27}
		{5D972E35-EA58-4773-8F4A-39872CC9B8F1} = {4FF9D643-A267-471F-9BF5-3B10E2952D70}
		{14286260-1D3E-40B5-A014-9AA833AF9286} = {5D972E35-EA58-4773-8F4A-39872CC9B8F1}
		{17B2C80F-5EC4-41B2-8077-7257EA5BA78F} = {0F3E5914-3F8B-4E27-9DE3-77488810FBF8}
		{7E83B5A5-4BA0-4326-A2D4-C221396F0612} = {8551B332-FEFA-498B-B8F9-AEDF0C8DF34A}
	EndGlobalSection
	GlobalSection(ExtensibilityGlobals) = postSolution
		SolutionGuid = {0D7E1679-C2B2-48DF-B7EF-C2EA32DDEE8F}
	EndGlobalSection
EndGlobal
